{
  "lockfileVersion": 1,
  "configVersion": 1,
  "workspaces": {
    "": {
      "dependencies": {
        "@opencode-ai/plugin": "1.2.25",
      },
    },
  },
  "packages": {
    "@opencode-ai/plugin": ["@opencode-ai/plugin@1.2.25", "", { "dependencies": { "@opencode-ai/sdk": "1.2.25", "zod": "4.1.8" } }, "sha512-IQnjkcN7cvI/zoiDNx1d2qnGzn5BR/Bu95Kq05/vdd8oX4ARgYkqfaJgKkNSpjUVoNBKHTd8m9q1TtzuKlyGUg=="],

    "@opencode-ai/sdk": ["@opencode-ai/sdk@1.2.25", "", {}, "sha512-ikuGWob48OM7LTgfXFqGOZKVOqh50FEjvtIBhXGhGowJhifmjZ+xuq/ypP8nPjTwUX73pbu1C3X9ZBWVkCN9mA=="],

    "zod": ["zod@4.1.8", "", {}, "sha512-5R1P+WwQqmmMIEACyzSvo4JXHY5WiAFHRMg+zBZKgKS+Q1viRa0C1hmUKtHltoIFKtIdki3pRxkmpP74jnNYHQ=="],
  }
}
